// !$*UTF8*$!
{
	archiveVersion = 1;
	classes = {
	};
	objectVersion = 56;
	objects = {

/* Begin PBXBuildFile section */
		2A1D2480298EEE650060035C /* AppDelegate.swift in Sources */ = {isa = PBXBuildFile; fileRef = 2A1D247F298EEE650060035C /* AppDelegate.swift */; };
		2A1D2482298EEE650060035C /* SceneDelegate.swift in Sources */ = {isa = PBXBuildFile; fileRef = 2A1D2481298EEE650060035C /* SceneDelegate.swift */; };
		2A1D2484298EEE650060035C /* ViewControllerMap.swift in Sources */ = {isa = PBXBuildFile; fileRef = 2A1D2483298EEE650060035C /* ViewControllerMap.swift */; };
		2A1D2487298EEE650060035C /* Main.storyboard in Resources */ = {isa = PBXBuildFile; fileRef = 2A1D2485298EEE650060035C /* Main.storyboard */; };
		2A1D2489298EEE660060035C /* Assets.xcassets in Resources */ = {isa = PBXBuildFile; fileRef = 2A1D2488298EEE660060035C /* Assets.xcassets */; };
		2A1D248C298EEE660060035C /* LaunchScreen.storyboard in Resources */ = {isa = PBXBuildFile; fileRef = 2A1D248A298EEE660060035C /* LaunchScreen.storyboard */; };
		2A1D2497298EEE670060035C /* mag_netTests.swift in Sources */ = {isa = PBXBuildFile; fileRef = 2A1D2496298EEE670060035C /* mag_netTests.swift */; };
		2A1D24A1298EEE670060035C /* mag_netUITests.swift in Sources */ = {isa = PBXBuildFile; fileRef = 2A1D24A0298EEE670060035C /* mag_netUITests.swift */; };
		2A1D24A3298EEE670060035C /* mag_netUITestsLaunchTests.swift in Sources */ = {isa = PBXBuildFile; fileRef = 2A1D24A2298EEE670060035C /* mag_netUITestsLaunchTests.swift */; };
/* End PBXBuildFile section */

/* Begin PBXContainerItemProxy section */
		2A1D2493298EEE670060035C /* PBXContainerItemProxy */ = {
			isa = PBXContainerItemProxy;
			containerPortal = 2A1D2474298EEE650060035C /* Project object */;
			proxyType = 1;
			remoteGlobalIDString = 2A1D247B298EEE650060035C;
			remoteInfo = mag.net;
		};
		2A1D249D298EEE670060035C /* PBXContainerItemProxy */ = {
			isa = PBXContainerItemProxy;
			containerPortal = 2A1D2474298EEE650060035C /* Project object */;
			proxyType = 1;
			remoteGlobalIDString = 2A1D247B298EEE650060035C;
			remoteInfo = mag.net;
		};
/* End PBXContainerItemProxy section */

/* Begin PBXFileReference section */
		2A1D247C298EEE650060035C /* mag.net.app */ = {isa = PBXFileReference; explicitFileType = wrapper.application; includeInIndex = 0; path = mag.net.app; sourceTree = BUILT_PRODUCTS_DIR; };
		2A1D247F298EEE650060035C /* AppDelegate.swift */ = {isa = PBXFileReference; lastKnownFileType = sourcecode.swift; path = AppDelegate.swift; sourceTree = "<group>"; };
		2A1D2481298EEE650060035C /* SceneDelegate.swift */ = {isa = PBXFileReference; lastKnownFileType = sourcecode.swift; path = SceneDelegate.swift; sourceTree = "<group>"; };
		2A1D2483298EEE650060035C /* ViewControllerMap.swift */ = {isa = PBXFileReference; lastKnownFileType = sourcecode.swift; path = ViewControllerMap.swift; sourceTree = "<group>"; };
		2A1D2486298EEE650060035C /* Base */ = {isa = PBXFileReference; lastKnownFileType = file.storyboard; name = Base; path = Base.lproj/Main.storyboard; sourceTree = "<group>"; };
		2A1D2488298EEE660060035C /* Assets.xcassets */ = {isa = PBXFileReference; lastKnownFileType = folder.assetcatalog; path = Assets.xcassets; sourceTree = "<group>"; };
		2A1D248B298EEE660060035C /* Base */ = {isa = PBXFileReference; lastKnownFileType = file.storyboard; name = Base; path = Base.lproj/LaunchScreen.storyboard; sourceTree = "<group>"; };
		2A1D248D298EEE660060035C /* Info.plist */ = {isa = PBXFileReference; lastKnownFileType = text.plist.xml; path = Info.plist; sourceTree = "<group>"; };
		2A1D2492298EEE670060035C /* mag.netTests.xctest */ = {isa = PBXFileReference; explicitFileType = wrapper.cfbundle; includeInIndex = 0; path = mag.netTests.xctest; sourceTree = BUILT_PRODUCTS_DIR; };
		2A1D2496298EEE670060035C /* mag_netTests.swift */ = {isa = PBXFileReference; lastKnownFileType = sourcecode.swift; path = mag_netTests.swift; sourceTree = "<group>"; };
		2A1D249C298EEE670060035C /* mag.netUITests.xctest */ = {isa = PBXFileReference; explicitFileType = wrapper.cfbundle; includeInIndex = 0; path = mag.netUITests.xctest; sourceTree = BUILT_PRODUCTS_DIR; };
		2A1D24A0298EEE670060035C /* mag_netUITests.swift */ = {isa = PBXFileReference; lastKnownFileType = sourcecode.swift; path = mag_netUITests.swift; sourceTree = "<group>"; };
		2A1D24A2298EEE670060035C /* mag_netUITestsLaunchTests.swift */ = {isa = PBXFileReference; lastKnownFileType = sourcecode.swift; path = mag_netUITestsLaunchTests.swift; sourceTree = "<group>"; };
/* End PBXFileReference section */

/* Begin PBXFrameworksBuildPhase section */
		2A1D2479298EEE650060035C /* Frameworks */ = {
			isa = PBXFrameworksBuildPhase;
			buildActionMask = 2147483647;
			files = (
			);
			runOnlyForDeploymentPostprocessing = 0;
		};
		2A1D248F298EEE670060035C /* Frameworks */ = {
			isa = PBXFrameworksBuildPhase;
			buildActionMask = 2147483647;
			files = (
			);
			runOnlyForDeploymentPostprocessing = 0;
		};
		2A1D2499298EEE670060035C /* Frameworks */ = {
			isa = PBXFrameworksBuildPhase;
			buildActionMask = 2147483647;
			files = (
			);
			runOnlyForDeploymentPostprocessing = 0;
		};
/* End PBXFrameworksBuildPhase section */

/* Begin PBXGroup section */
		2A1D2473298EEE650060035C = {
			isa = PBXGroup;
			children = (
				2A1D247E298EEE650060035C /* mag.net */,
				2A1D2495298EEE670060035C /* mag.netTests */,
				2A1D249F298EEE670060035C /* mag.netUITests */,
				2A1D247D298EEE650060035C /* Products */,
			);
			sourceTree = "<group>";
		};
		2A1D247D298EEE650060035C /* Products */ = {
			isa = PBXGroup;
			children = (
				2A1D247C298EEE650060035C /* mag.net.app */,
				2A1D2492298EEE670060035C /* mag.netTests.xctest */,
				2A1D249C298EEE670060035C /* mag.netUITests.xctest */,
			);
			name = Products;
			sourceTree = "<group>";
		};
		2A1D247E298EEE650060035C /* mag.net */ = {
			isa = PBXGroup;
			children = (
				2A1D247F298EEE650060035C /* AppDelegate.swift */,
				2A1D2481298EEE650060035C /* SceneDelegate.swift */,
				2A1D2483298EEE650060035C /* ViewControllerMap.swift */,
				2A1D2485298EEE650060035C /* Main.storyboard */,
				2A1D2488298EEE660060035C /* Assets.xcassets */,
				2A1D248A298EEE660060035C /* LaunchScreen.storyboard */,
				2A1D248D298EEE660060035C /* Info.plist */,
			);
			path = mag.net;
			sourceTree = "<group>";
		};
		2A1D2495298EEE670060035C /* mag.netTests */ = {
			isa = PBXGroup;
			children = (
				2A1D2496298EEE670060035C /* mag_netTests.swift */,
			);
			path = mag.netTests;
			sourceTree = "<group>";
		};
		2A1D249F298EEE670060035C /* mag.netUITests */ = {
			isa = PBXGroup;
			children = (
				2A1D24A0298EEE670060035C /* mag_netUITests.swift */,
				2A1D24A2298EEE670060035C /* mag_netUITestsLaunchTests.swift */,
			);
			path = mag.netUITests;
			sourceTree = "<group>";
		};
/* End PBXGroup section */

/* Begin PBXNativeTarget section */
		2A1D247B298EEE650060035C /* mag.net */ = {
			isa = PBXNativeTarget;
			buildConfigurationList = 2A1D24A6298EEE670060035C /* Build configuration list for PBXNativeTarget "mag.net" */;
			buildPhases = (
				2A1D2478298EEE650060035C /* Sources */,
				2A1D2479298EEE650060035C /* Frameworks */,
				2A1D247A298EEE650060035C /* Resources */,
			);
			buildRules = (
			);
			dependencies = (
			);
			name = mag.net;
			productName = mag.net;
			productReference = 2A1D247C298EEE650060035C /* mag.net.app */;
			productType = "com.apple.product-type.application";
		};
		2A1D2491298EEE670060035C /* mag.netTests */ = {
			isa = PBXNativeTarget;
			buildConfigurationList = 2A1D24A9298EEE670060035C /* Build configuration list for PBXNativeTarget "mag.netTests" */;
			buildPhases = (
				2A1D248E298EEE670060035C /* Sources */,
				2A1D248F298EEE670060035C /* Frameworks */,
				2A1D2490298EEE670060035C /* Resources */,
			);
			buildRules = (
			);
			dependencies = (
				2A1D2494298EEE670060035C /* PBXTargetDependency */,
			);
			name = mag.netTests;
			productName = mag.netTests;
			productReference = 2A1D2492298EEE670060035C /* mag.netTests.xctest */;
			productType = "com.apple.product-type.bundle.unit-test";
		};
		2A1D249B298EEE670060035C /* mag.netUITests */ = {
			isa = PBXNativeTarget;
			buildConfigurationList = 2A1D24AC298EEE670060035C /* Build configuration list for PBXNativeTarget "mag.netUITests" */;
			buildPhases = (
				2A1D2498298EEE670060035C /* Sources */,
				2A1D2499298EEE670060035C /* Frameworks */,
				2A1D249A298EEE670060035C /* Resources */,
			);
			buildRules = (
			);
			dependencies = (
				2A1D249E298EEE670060035C /* PBXTargetDependency */,
			);
			name = mag.netUITests;
			productName = mag.netUITests;
			productReference = 2A1D249C298EEE670060035C /* mag.netUITests.xctest */;
			productType = "com.apple.product-type.bundle.ui-testing";
		};
/* End PBXNativeTarget section */

/* Begin PBXProject section */
		2A1D2474298EEE650060035C /* Project object */ = {
			isa = PBXProject;
			attributes = {
				BuildIndependentTargetsInParallel = 1;
				LastSwiftUpdateCheck = 1420;
				LastUpgradeCheck = 1420;
				TargetAttributes = {
					2A1D247B298EEE650060035C = {
						CreatedOnToolsVersion = 14.2;
					};
					2A1D2491298EEE670060035C = {
						CreatedOnToolsVersion = 14.2;
						TestTargetID = 2A1D247B298EEE650060035C;
					};
					2A1D249B298EEE670060035C = {
						CreatedOnToolsVersion = 14.2;
						TestTargetID = 2A1D247B298EEE650060035C;
					};
				};
			};
			buildConfigurationList = 2A1D2477298EEE650060035C /* Build configuration list for PBXProject "mag.net" */;
			compatibilityVersion = "Xcode 14.0";
			developmentRegion = en;
			hasScannedForEncodings = 0;
			knownRegions = (
				en,
				Base,
			);
			mainGroup = 2A1D2473298EEE650060035C;
			productRefGroup = 2A1D247D298EEE650060035C /* Products */;
			projectDirPath = "";
			projectRoot = "";
			targets = (
				2A1D247B298EEE650060035C /* mag.net */,
				2A1D2491298EEE670060035C /* mag.netTests */,
				2A1D249B298EEE670060035C /* mag.netUITests */,
			);
		};
/* End PBXProject section */

/* Begin PBXResourcesBuildPhase section */
		2A1D247A298EEE650060035C /* Resources */ = {
			isa = PBXResourcesBuildPhase;
			buildActionMask = 2147483647;
			files = (
				2A1D248C298EEE660060035C /* LaunchScreen.storyboard in Resources */,
				2A1D2489298EEE660060035C /* Assets.xcassets in Resources */,
				2A1D2487298EEE650060035C /* Main.storyboard in Resources */,
			);
			runOnlyForDeploymentPostprocessing = 0;
		};
		2A1D2490298EEE670060035C /* Resources */ = {
			isa = PBXResourcesBuildPhase;
			buildActionMask = 2147483647;
			files = (
			);
			runOnlyForDeploymentPostprocessing = 0;
		};
		2A1D249A298EEE670060035C /* Resources */ = {
			isa = PBXResourcesBuildPhase;
			buildActionMask = 2147483647;
			files = (
			);
			runOnlyForDeploymentPostprocessing = 0;
		};
/* End PBXResourcesBuildPhase section */

/* Begin PBXSourcesBuildPhase section */
		2A1D2478298EEE650060035C /* Sources */ = {
			isa = PBXSourcesBuildPhase;
			buildActionMask = 2147483647;
			files = (
				2A1D2484298EEE650060035C /* ViewControllerMap.swift in Sources */,
				2A1D2480298EEE650060035C /* AppDelegate.swift in Sources */,
				2A1D2482298EEE650060035C /* SceneDelegate.swift in Sources */,
			);
			runOnlyForDeploymentPostprocessing = 0;
		};
		2A1D248E298EEE670060035C /* Sources */ = {
			isa = PBXSourcesBuildPhase;
			buildActionMask = 2147483647;
			files = (
				2A1D2497298EEE670060035C /* mag_netTests.swift in Sources */,
			);
			runOnlyForDeploymentPostprocessing = 0;
		};
		2A1D2498298EEE670060035C /* Sources */ = {
			isa = PBXSourcesBuildPhase;
			buildActionMask = 2147483647;
			files = (
				2A1D24A3298EEE670060035C /* mag_netUITestsLaunchTests.swift in Sources */,
				2A1D24A1298EEE670060035C /* mag_netUITests.swift in Sources */,
			);
			runOnlyForDeploymentPostprocessing = 0;
		};
/* End PBXSourcesBuildPhase section */

/* Begin PBXTargetDependency section */
		2A1D2494298EEE670060035C /* PBXTargetDependency */ = {
			isa = PBXTargetDependency;
			target = 2A1D247B298EEE650060035C /* mag.net */;
			targetProxy = 2A1D2493298EEE670060035C /* PBXContainerItemProxy */;
		};
		2A1D249E298EEE670060035C /* PBXTargetDependency */ = {
			isa = PBXTargetDependency;
			target = 2A1D247B298EEE650060035C /* mag.net */;
			targetProxy = 2A1D249D298EEE670060035C /* PBXContainerItemProxy */;
		};
/* End PBXTargetDependency section */

/* Begin PBXVariantGroup section */
		2A1D2485298EEE650060035C /* Main.storyboard */ = {
			isa = PBXVariantGroup;
			children = (
				2A1D2486298EEE650060035C /* Base */,
			);
			name = Main.storyboard;
			sourceTree = "<group>";
		};
		2A1D248A298EEE660060035C /* LaunchScreen.storyboard */ = {
			isa = PBXVariantGroup;
			children = (
				2A1D248B298EEE660060035C /* Base */,
			);
			name = LaunchScreen.storyboard;
			sourceTree = "<group>";
		};
/* End PBXVariantGroup section */

/* Begin XCBuildConfiguration section */
		2A1D24A4298EEE670060035C /* Debug */ = {
			isa = XCBuildConfiguration;
			buildSettings = {
				ALWAYS_SEARCH_USER_PATHS = NO;
				CLANG_ANALYZER_NONNULL = YES;
				CLANG_ANALYZER_NUMBER_OBJECT_CONVERSION = YES_AGGRESSIVE;
				CLANG_CXX_LANGUAGE_STANDARD = "gnu++20";
				CLANG_ENABLE_MODULES = YES;
				CLANG_ENABLE_OBJC_ARC = YES;
				CLANG_ENABLE_OBJC_WEAK = YES;
				CLANG_WARN_BLOCK_CAPTURE_AUTORELEASING = YES;
				CLANG_WARN_BOOL_CONVERSION = YES;
				CLANG_WARN_COMMA = YES;
				CLANG_WARN_CONSTANT_CONVERSION = YES;
				CLANG_WARN_DEPRECATED_OBJC_IMPLEMENTATIONS = YES;
				CLANG_WARN_DIRECT_OBJC_ISA_USAGE = YES_ERROR;
				CLANG_WARN_DOCUMENTATION_COMMENTS = YES;
				CLANG_WARN_EMPTY_BODY = YES;
				CLANG_WARN_ENUM_CONVERSION = YES;
				CLANG_WARN_INFINITE_RECURSION = YES;
				CLANG_WARN_INT_CONVERSION = YES;
				CLANG_WARN_NON_LITERAL_NULL_CONVERSION = YES;
				CLANG_WARN_OBJC_IMPLICIT_RETAIN_SELF = YES;
				CLANG_WARN_OBJC_LITERAL_CONVERSION = YES;
				CLANG_WARN_OBJC_ROOT_CLASS = YES_ERROR;
				CLANG_WARN_QUOTED_INCLUDE_IN_FRAMEWORK_HEADER = YES;
				CLANG_WARN_RANGE_LOOP_ANALYSIS = YES;
				CLANG_WARN_STRICT_PROTOTYPES = YES;
				CLANG_WARN_SUSPICIOUS_MOVE = YES;
				CLANG_WARN_UNGUARDED_AVAILABILITY = YES_AGGRESSIVE;
				CLANG_WARN_UNREACHABLE_CODE = YES;
				CLANG_WARN__DUPLICATE_METHOD_MATCH = YES;
				COPY_PHASE_STRIP = NO;
				DEBUG_INFORMATION_FORMAT = dwarf;
				ENABLE_STRICT_OBJC_MSGSEND = YES;
				ENABLE_TESTABILITY = YES;
				GCC_C_LANGUAGE_STANDARD = gnu11;
				GCC_DYNAMIC_NO_PIC = NO;
				GCC_NO_COMMON_BLOCKS = YES;
				GCC_OPTIMIZATION_LEVEL = 0;
				GCC_PREPROCESSOR_DEFINITIONS = (
					"DEBUG=1",
					"$(inherited)",
				);
				GCC_WARN_64_TO_32_BIT_CONVERSION = YES;
				GCC_WARN_ABOUT_RETURN_TYPE = YES_ERROR;
				GCC_WARN_UNDECLARED_SELECTOR = YES;
				GCC_WARN_UNINITIALIZED_AUTOS = YES_AGGRESSIVE;
				GCC_WARN_UNUSED_FUNCTION = YES;
				GCC_WARN_UNUSED_VARIABLE = YES;
				IPHONEOS_DEPLOYMENT_TARGET = 16.2;
				MTL_ENABLE_DEBUG_INFO = INCLUDE_SOURCE;
				MTL_FAST_MATH = YES;
				ONLY_ACTIVE_ARCH = YES;
				SDKROOT = iphoneos;
				SWIFT_ACTIVE_COMPILATION_CONDITIONS = DEBUG;
				SWIFT_OPTIMIZATION_LEVEL = "-Onone";
			};
			name = Debug;
		};
		2A1D24A5298EEE670060035C /* Release */ = {
			isa = XCBuildConfiguration;
			buildSettings = {
				ALWAYS_SEARCH_USER_PATHS = NO;
				CLANG_ANALYZER_NONNULL = YES;
				CLANG_ANALYZER_NUMBER_OBJECT_CONVERSION = YES_AGGRESSIVE;
				CLANG_CXX_LANGUAGE_STANDARD = "gnu++20";
				CLANG_ENABLE_MODULES = YES;
				CLANG_ENABLE_OBJC_ARC = YES;
				CLANG_ENABLE_OBJC_WEAK = YES;
				CLANG_WARN_BLOCK_CAPTURE_AUTORELEASING = YES;
				CLANG_WARN_BOOL_CONVERSION = YES;
				CLANG_WARN_COMMA = YES;
				CLANG_WARN_CONSTANT_CONVERSION = YES;
				CLANG_WARN_DEPRECATED_OBJC_IMPLEMENTATIONS = YES;
				CLANG_WARN_DIRECT_OBJC_ISA_USAGE = YES_ERROR;
				CLANG_WARN_DOCUMENTATION_COMMENTS = YES;
				CLANG_WARN_EMPTY_BODY = YES;
				CLANG_WARN_ENUM_CONVERSION = YES;
				CLANG_WARN_INFINITE_RECURSION = YES;
				CLANG_WARN_INT_CONVERSION = YES;
				CLANG_WARN_NON_LITERAL_NULL_CONVERSION = YES;
				CLANG_WARN_OBJC_IMPLICIT_RETAIN_SELF = YES;
				CLANG_WARN_OBJC_LITERAL_CONVERSION = YES;
				CLANG_WARN_OBJC_ROOT_CLASS = YES_ERROR;
				CLANG_WARN_QUOTED_INCLUDE_IN_FRAMEWORK_HEADER = YES;
				CLANG_WARN_RANGE_LOOP_ANALYSIS = YES;
				CLANG_WARN_STRICT_PROTOTYPES = YES;
				CLANG_WARN_SUSPICIOUS_MOVE = YES;
				CLANG_WARN_UNGUARDED_AVAILABILITY = YES_AGGRESSIVE;
				CLANG_WARN_UNREACHABLE_CODE = YES;
				CLANG_WARN__DUPLICATE_METHOD_MATCH = YES;
				COPY_PHASE_STRIP = NO;
				DEBUG_INFORMATION_FORMAT = "dwarf-with-dsym";
				ENABLE_NS_ASSERTIONS = NO;
				ENABLE_STRICT_OBJC_MSGSEND = YES;
				GCC_C_LANGUAGE_STANDARD = gnu11;
				GCC_NO_COMMON_BLOCKS = YES;
				GCC_WARN_64_TO_32_BIT_CONVERSION = YES;
				GCC_WARN_ABOUT_RETURN_TYPE = YES_ERROR;
				GCC_WARN_UNDECLARED_SELECTOR = YES;
				GCC_WARN_UNINITIALIZED_AUTOS = YES_AGGRESSIVE;
				GCC_WARN_UNUSED_FUNCTION = YES;
				GCC_WARN_UNUSED_VARIABLE = YES;
				IPHONEOS_DEPLOYMENT_TARGET = 16.2;
				MTL_ENABLE_DEBUG_INFO = NO;
				MTL_FAST_MATH = YES;
				SDKROOT = iphoneos;
				SWIFT_COMPILATION_MODE = wholemodule;
				SWIFT_OPTIMIZATION_LEVEL = "-O";
				VALIDATE_PRODUCT = YES;
			};
			name = Release;
		};
		2A1D24A7298EEE670060035C /* Debug */ = {
			isa = XCBuildConfiguration;
			buildSettings = {
				ASSETCATALOG_COMPILER_APPICON_NAME = AppIcon;
				ASSETCATALOG_COMPILER_GLOBAL_ACCENT_COLOR_NAME = AccentColor;
				CODE_SIGN_STYLE = Automatic;
				CURRENT_PROJECT_VERSION = 1;
				GENERATE_INFOPLIST_FILE = YES;
				INFOPLIST_FILE = mag.net/Info.plist;
				INFOPLIST_KEY_UIApplicationSupportsIndirectInputEvents = YES;
				INFOPLIST_KEY_UILaunchStoryboardName = LaunchScreen;
				INFOPLIST_KEY_UIMainStoryboardFile = Main;
				INFOPLIST_KEY_UISupportedInterfaceOrientations_iPad = "UIInterfaceOrientationPortrait UIInterfaceOrientationPortraitUpsideDown UIInterfaceOrientationLandscapeLeft UIInterfaceOrientationLandscapeRight";
				INFOPLIST_KEY_UISupportedInterfaceOrientations_iPhone = "UIInterfaceOrientationPortrait UIInterfaceOrientationLandscapeLeft UIInterfaceOrientationLandscapeRight";
				LD_RUNPATH_SEARCH_PATHS = (
					"$(inherited)",
					"@executable_path/Frameworks",
				);
				MARKETING_VERSION = 1.0;
				PRODUCT_BUNDLE_IDENTIFIER = "ut.mag-net";
				PRODUCT_NAME = "$(TARGET_NAME)";
				SWIFT_EMIT_LOC_STRINGS = YES;
				SWIFT_VERSION = 5.0;
				TARGETED_DEVICE_FAMILY = "1,2";
			};
			name = Debug;
		};
		2A1D24A8298EEE670060035C /* Release */ = {
			isa = XCBuildConfiguration;
			buildSettings = {
				ASSETCATALOG_COMPILER_APPICON_NAME = AppIcon;
				ASSETCATALOG_COMPILER_GLOBAL_ACCENT_COLOR_NAME = AccentColor;
				CODE_SIGN_STYLE = Automatic;
				CURRENT_PROJECT_VERSION = 1;
				GENERATE_INFOPLIST_FILE = YES;
				INFOPLIST_FILE = mag.net/Info.plist;
				INFOPLIST_KEY_UIApplicationSupportsIndirectInputEvents = YES;
				INFOPLIST_KEY_UILaunchStoryboardName = LaunchScreen;
				INFOPLIST_KEY_UIMainStoryboardFile = Main;
				INFOPLIST_KEY_UISupportedInterfaceOrientations_iPad = "UIInterfaceOrientationPortrait UIInterfaceOrientationPortraitUpsideDown UIInterfaceOrientationLandscapeLeft UIInterfaceOrientationLandscapeRight";
				INFOPLIST_KEY_UISupportedInterfaceOrientations_iPhone = "UIInterfaceOrientationPortrait UIInterfaceOrientationLandscapeLeft UIInterfaceOrientationLandscapeRight";
				LD_RUNPATH_SEARCH_PATHS = (
					"$(inherited)",
					"@executable_path/Frameworks",
				);
				MARKETING_VERSION = 1.0;
				PRODUCT_BUNDLE_IDENTIFIER = "ut.mag-net";
				PRODUCT_NAME = "$(TARGET_NAME)";
				SWIFT_EMIT_LOC_STRINGS = YES;
				SWIFT_VERSION = 5.0;
				TARGETED_DEVICE_FAMILY = "1,2";
			};
			name = Release;
		};
		2A1D24AA298EEE670060035C /* Debug */ = {
			isa = XCBuildConfiguration;
			buildSettings = {
				ALWAYS_EMBED_SWIFT_STANDARD_LIBRARIES = YES;
				BUNDLE_LOADER = "$(TEST_HOST)";
				CODE_SIGN_STYLE = Automatic;
				CURRENT_PROJECT_VERSION = 1;
				GENERATE_INFOPLIST_FILE = YES;
				IPHONEOS_DEPLOYMENT_TARGET = 16.2;
				MARKETING_VERSION = 1.0;
				PRODUCT_BUNDLE_IDENTIFIER = "ut.mag-netTests";
				PRODUCT_NAME = "$(TARGET_NAME)";
				SWIFT_EMIT_LOC_STRINGS = NO;
				SWIFT_VERSION = 5.0;
				TARGETED_DEVICE_FAMILY = "1,2";
				TEST_HOST = "$(BUILT_PRODUCTS_DIR)/mag.net.app/$(BUNDLE_EXECUTABLE_FOLDER_PATH)/mag.net";
			};
			name = Debug;
		};
		2A1D24AB298EEE670060035C /* Release */ = {
			isa = XCBuildConfiguration;
			buildSettings = {
				ALWAYS_EMBED_SWIFT_STANDARD_LIBRARIES = YES;
				BUNDLE_LOADER = "$(TEST_HOST)";
				CODE_SIGN_STYLE = Automatic;
				CURRENT_PROJECT_VERSION = 1;
				GENERATE_INFOPLIST_FILE = YES;
				IPHONEOS_DEPLOYMENT_TARGET = 16.2;
				MARKETING_VERSION = 1.0;
				PRODUCT_BUNDLE_IDENTIFIER = "ut.mag-netTests";
				PRODUCT_NAME = "$(TARGET_NAME)";
				SWIFT_EMIT_LOC_STRINGS = NO;
				SWIFT_VERSION = 5.0;
				TARGETED_DEVICE_FAMILY = "1,2";
				TEST_HOST = "$(BUILT_PRODUCTS_DIR)/mag.net.app/$(BUNDLE_EXECUTABLE_FOLDER_PATH)/mag.net";
			};
			name = Release;
		};
		2A1D24AD298EEE670060035C /* Debug */ = {
			isa = XCBuildConfiguration;
			buildSettings = {
				ALWAYS_EMBED_SWIFT_STANDARD_LIBRARIES = YES;
				CODE_SIGN_STYLE = Automatic;
				CURRENT_PROJECT_VERSION = 1;
				GENERATE_INFOPLIST_FILE = YES;
				MARKETING_VERSION = 1.0;
				PRODUCT_BUNDLE_IDENTIFIER = "ut.mag-netUITests";
				PRODUCT_NAME = "$(TARGET_NAME)";
				SWIFT_EMIT_LOC_STRINGS = NO;
				SWIFT_VERSION = 5.0;
				TARGETED_DEVICE_FAMILY = "1,2";
				TEST_TARGET_NAME = mag.net;
			};
			name = Debug;
		};
		2A1D24AE298EEE670060035C /* Release */ = {
			isa = XCBuildConfiguration;
			buildSettings = {
				ALWAYS_EMBED_SWIFT_STANDARD_LIBRARIES = YES;
				CODE_SIGN_STYLE = Automatic;
				CURRENT_PROJECT_VERSION = 1;
				GENERATE_INFOPLIST_FILE = YES;
				MARKETING_VERSION = 1.0;
				PRODUCT_BUNDLE_IDENTIFIER = "ut.mag-netUITests";
				PRODUCT_NAME = "$(TARGET_NAME)";
				SWIFT_EMIT_LOC_STRINGS = NO;
				SWIFT_VERSION = 5.0;
				TARGETED_DEVICE_FAMILY = "1,2";
				TEST_TARGET_NAME = mag.net;
			};
			name = Release;
		};
/* End XCBuildConfiguration section */

/* Begin XCConfigurationList section */
		2A1D2477298EEE650060035C /* Build configuration list for PBXProject "mag.net" */ = {
			isa = XCConfigurationList;
			buildConfigurations = (
				2A1D24A4298EEE670060035C /* Debug */,
				2A1D24A5298EEE670060035C /* Release */,
			);
			defaultConfigurationIsVisible = 0;
			defaultConfigurationName = Release;
		};
		2A1D24A6298EEE670060035C /* Build configuration list for PBXNativeTarget "mag.net" */ = {
			isa = XCConfigurationList;
			buildConfigurations = (
				2A1D24A7298EEE670060035C /* Debug */,
				2A1D24A8298EEE670060035C /* Release */,
			);
			defaultConfigurationIsVisible = 0;
			defaultConfigurationName = Release;
		};
		2A1D24A9298EEE670060035C /* Build configuration list for PBXNativeTarget "mag.netTests" */ = {
			isa = XCConfigurationList;
			buildConfigurations = (
				2A1D24AA298EEE670060035C /* Debug */,
				2A1D24AB298EEE670060035C /* Release */,
			);
			defaultConfigurationIsVisible = 0;
			defaultConfigurationName = Release;
		};
		2A1D24AC298EEE670060035C /* Build configuration list for PBXNativeTarget "mag.netUITests" */ = {
			isa = XCConfigurationList;
			buildConfigurations = (
				2A1D24AD298EEE670060035C /* Debug */,
				2A1D24AE298EEE670060035C /* Release */,
			);
			defaultConfigurationIsVisible = 0;
			defaultConfigurationName = Release;
		};
/* End XCConfigurationList section */
	};
	rootObject = 2A1D2474298EEE650060035C /* Project object */;
}
